# This file is automatically generated by fishy.
# It is not intended for manual editing.

version = 1

[[commits]]
entry_hash = "00202bcbe5742ca1e6bd89693dd4599bf2d98cef4e7ecf78dd6950e2c51f6670c7f2"
entry = "006585e17dda9ed391acca189aa53e720a9d7761632ff79befb54c4e03bf4821c2000134002062e6fc3808bdaaa23cdf0d75392ec9e980492db5a7b4859b3d07ca2e274323445188b2075177782ff40440dce7d6fd44bfadafd0c0f4f90d2b5730b97f1a9f4534b5ce5cb2017575fa7dd6e12a6201a98c1f6eb0397ae7d420e7de9f75249f00"
operation = "840100781a736368656d615f6669656c645f646566696e6974696f6e5f7631a2646e616d6565656d61696c647479706563737472"

[[commits]]
entry_hash = "002065aeb16b9ea6d6b8823d858397cf7168dff468d12a49e38974ad11004e6788ad"
entry = "006585e17dda9ed391acca189aa53e720a9d7761632ff79befb54c4e03bf4821c20101330020d71ccd9dd038adefad3260a41223e484edbc32e5c96b41df467c36bbd8c1d84b0af3effe86e0e25946719f43cfe468ee94f8d5284f903a6c5311b7f411290222fae5cb5aeab5219df1b4f3b4b90c252c4118931f0dd4486aa4b0f66faf693d07"
operation = "840100781a736368656d615f6669656c645f646566696e6974696f6e5f7631a2646e616d65646e616d65647479706563737472"

[[commits]]
entry_hash = "0020fdbd3e4e360b43df6f53b1db49f816fe964e80df43cf5c6628c4970982f3103d"
entry = "006585e17dda9ed391acca189aa53e720a9d7761632ff79befb54c4e03bf4821c20201340020f8fad6d4eaed2c354f22561dab56d8d767c70ff3f7e713e1048a40507ec13b09c2fd72e6fc705a881c019ace2fe253881ce300fd6081c76d422ee8639925ad481cb71478fb3e3717dac6e463b2e464e9cbbb2ad0f420bfef8402574a6018a40d"
operation = "840100781a736368656d615f6669656c645f646566696e6974696f6e5f7631a2646e616d656570686f6e65647479706563737472"

[[commits]]
entry_hash = "002009199924c2bc9046320dad51f5c0727cacca097f3734f52d77aeca6d613050bf"
entry = "006585e17dda9ed391acca189aa53e720a9d7761632ff79befb54c4e03bf4821c203013400208491d94c65c9c111a1b4306eb7db098b78bfa8934eb7786b9020e0fca6aac2f3c2b77e25f6225afca99aae6af634f5ca7a9f13a5a88672a9b28dd57206153e3a777dd2434282af64cc46ec19d1d455a6ca96a168e9b0b410bb72bf2149291e0c"
operation = "840100781a736368656d615f6669656c645f646566696e6974696f6e5f7631a2646e616d65657461784964647479706563737472"

[[commits]]
entry_hash = "00200689d5fa0c84371af7a8c91023778c7129997d5ef3f1a07f4ae9ef1a2b011f43"
entry = "006585e17dda9ed391acca189aa53e720a9d7761632ff79befb54c4e03bf4821c20401320020122552eabddb4792ad810344917b06fabdc19354894ce5214fb1e2e1c592eca0e55c51dead39b690e4a7c94488947f89e90c794cf9aa8a98bae3942299366663b830d970cc177de287716acbfda75ac952b6844615acc3da73ce91f9bc827803"
operation = "840100781a736368656d615f6669656c645f646566696e6974696f6e5f7631a2646e616d656375726c647479706563737472"

[[commits]]
entry_hash = "002060be73d5f2dba90e1294127d27c62e1e0a3e73d0628991fc248eed1d7ba44ff5"
entry = "006585e17dda9ed391acca189aa53e720a9d7761632ff79befb54c4e03bf4821c20501f901190020330b84582f27effc008822e5e660f807613661bae6140f99f5e40292d662bd50aaaeb590761b294a6d6ede6021d9ab8456814e5521ada7fbd339d22e336202fcf02e32357dbdfbfc2256f8e147fb2704338c2cf3d712b52b159a48d576e8820a"
operation = "84010074736368656d615f646566696e6974696f6e5f7631a36b6465736372697074696f6e781f436f6d70616e792c20636c75622c206e6f6e2d70726f6669742c206574632e666669656c64738581582200202bcbe5742ca1e6bd89693dd4599bf2d98cef4e7ecf78dd6950e2c51f6670c7f2815822002065aeb16b9ea6d6b8823d858397cf7168dff468d12a49e38974ad11004e6788ad8158220020fdbd3e4e360b43df6f53b1db49f816fe964e80df43cf5c6628c4970982f3103d815822002009199924c2bc9046320dad51f5c0727cacca097f3734f52d77aeca6d613050bf81582200200689d5fa0c84371af7a8c91023778c7129997d5ef3f1a07f4ae9ef1a2b011f43646e616d656c6f7267616e697a6174696f6e"

[[commits]]
entry_hash = "00205c0cb625a73965ae0a37f5266db9dc2f96a553bcc859e777fe106c6c56dad33e"
entry = "006585e17dda9ed391acca189aa53e720a9d7761632ff79befb54c4e03bf4821c2060134002062e6fc3808bdaaa23cdf0d75392ec9e980492db5a7b4859b3d07ca2e274323449cd4c6dad1f376d24c380200eba59875058c57fde126d89198eb2c87745299de79d0af2aed09ff360ccf8384c1f71ffb3c524091d5325f9ce22c3dbec0aa020f"
operation = "840100781a736368656d615f6669656c645f646566696e6974696f6e5f7631a2646e616d6565656d61696c647479706563737472"

[[commits]]
entry_hash = "0020980eda76f8518f02df7fda436a5ef89b744e08c4d8fd70189f34fd39517ab9cb"
entry = "006585e17dda9ed391acca189aa53e720a9d7761632ff79befb54c4e03bf4821c207019000207aa5823d6dc999003289a4893d66e8fc95cb18d208f5550adfc747381dadcc00d4596ce4cc70bd1eb5df207a6d164b9d1d3b7f93ad94fb6551d16b1f404a1a7a896379974664d217edbfeef331d41662a546320e6e2ebeb183369ba1fb34dc05"
operation = "840100781a736368656d615f6669656c645f646566696e6974696f6e5f7631a2646e616d65686d656d6265724f666474797065785b72656c6174696f6e286f7267616e697a6174696f6e5f303032303630626537336435663264626139306531323934313237643237633632653165306133653733643036323839393166633234386565643164376261343466663529"

[[commits]]
entry_hash = "00208c9fc651b94b820c0feed7c77ff81421d87ed2b48de61463a283c988f48511dc"
entry = "006585e17dda9ed391acca189aa53e720a9d7761632ff79befb54c4e03bf4821c20801330020d71ccd9dd038adefad3260a41223e484edbc32e5c96b41df467c36bbd8c1d84bd987c1aaeff69c0a4d55b2f958b26265a39308fa95ca343aff339038cbaf6087bd73afa282bbe31de155708ee5dbbc760bd8f844dfbe66e64a87ac6f2984db04"
operation = "840100781a736368656d615f6669656c645f646566696e6974696f6e5f7631a2646e616d65646e616d65647479706563737472"

[[commits]]
entry_hash = "0020943fc0c368331c6320be5e14f6bfc136764af2ed61fadcd7aaa53bbf513a8128"
entry = "006585e17dda9ed391acca189aa53e720a9d7761632ff79befb54c4e03bf4821c209013a0020935b74c49729503c300c64f0a66d0a1e79145e2dda41fa3cf07ee625d3cbd8fdc9d4018e269ccc1aff189348c71cbb9cf486282238b9685821112320af8bff2e8192052efabaaa9c2c98baac25f1eca16d179db571f7b471f2a2ddc795141f07"
operation = "840100781a736368656d615f6669656c645f646566696e6974696f6e5f7631a2646e616d656b6e6f7374725075624b6579647479706563737472"

[[commits]]
entry_hash = "002026c1631abb71ed1d68bdb130e5f621bbee2dafbbd0c29cdc904c9e2007b1ed4e"
entry = "006585e17dda9ed391acca189aa53e720a9d7761632ff79befb54c4e03bf4821c20a01340020f8fad6d4eaed2c354f22561dab56d8d767c70ff3f7e713e1048a40507ec13b0907442f5086b79a6c1cd87600a6b9f57910c80f275be758b073f9e92eba00f5f23bb5466b841aa14220d218d9562e170b624eccaa63e17890f8e0a63dcda45608"
operation = "840100781a736368656d615f6669656c645f646566696e6974696f6e5f7631a2646e616d656570686f6e65647479706563737472"

[[commits]]
entry_hash = "00202d31e10831721a55eade7b0cc98c59ee69b598b824e7b12a2a0ee0de2e328ab4"
entry = "006585e17dda9ed391acca189aa53e720a9d7761632ff79befb54c4e03bf4821c20b013500202910775d2bc2d662ac872bb2bd16e2b091a3d9d7e82e07c84f857523bca367f0fc55fc82da0eaa4a839599e7e5aaa34c026a61d06dd5d911bcfb212c191403adc23834a36111d37b61142d3e4795a93584a41f65f6bdb0889fb1cb0bc1f1320c"
operation = "840100781a736368656d615f6669656c645f646566696e6974696f6e5f7631a2646e616d65667075624b6579647479706563737472"

[[commits]]
entry_hash = "0020d46bc90998a634c344687ca95dcd01366d2f9440afa8485a068898551a6ef9c7"
entry = "006585e17dda9ed391acca189aa53e720a9d7761632ff79befb54c4e03bf4821c20c01f90125002048eceff53f970641e20b4d6c21a709b1298cb78517abbaf9708aad13cbc4475f4fa6cf97f19bf89bea2c7a1e11424c73aeee7802c34c3d1a48f93256495638658a61b723203e552154cb9fec415b8929fe49508cc6d88bdde05cc6b84457440a"
operation = "84010074736368656d615f646566696e6974696f6e5f7631a36b6465736372697074696f6e6f496e646976696475616c2075736572666669656c64738681582200205c0cb625a73965ae0a37f5266db9dc2f96a553bcc859e777fe106c6c56dad33e8158220020980eda76f8518f02df7fda436a5ef89b744e08c4d8fd70189f34fd39517ab9cb81582200208c9fc651b94b820c0feed7c77ff81421d87ed2b48de61463a283c988f48511dc8158220020943fc0c368331c6320be5e14f6bfc136764af2ed61fadcd7aaa53bbf513a8128815822002026c1631abb71ed1d68bdb130e5f621bbee2dafbbd0c29cdc904c9e2007b1ed4e81582200202d31e10831721a55eade7b0cc98c59ee69b598b824e7b12a2a0ee0de2e328ab4646e616d656475736572"
